PODS:
  - encrypted-core-data (0.1):
    - OpenSSL
    - SQLCipher
  - OpenSSL (1.0.1):
    - OpenSSL/ssl
  - OpenSSL/crypto (1.0.1)
  - OpenSSL/ssl (1.0.1):
    - OpenSSL/crypto
  - SQLCipher (3.0.1):
    - SQLCipher/standard
  - SQLCipher/standard (3.0.1)

DEPENDENCIES:
  - encrypted-core-data (from `https://gist.github.com/undancer/8214825/raw/f65a7115c29eba20f1172faa9e86d22a20d84fcd/encrypted-core-data.podspec`)

EXTERNAL SOURCES:
  encrypted-core-data:
    :podspec: https://gist.github.com/undancer/8214825/raw/f65a7115c29eba20f1172faa9e86d22a20d84fcd/encrypted-core-data.podspec

SPEC CHECKSUMS:
  encrypted-core-data: 0f3c298c5fc5c62b251e1c2ba0c59f67f02d20b0
  OpenSSL: 72cccf15e5d2c0b9b8a1160f5f3ec7a3d2761310
  SQLCipher: 006f125d9b85e32ee6242b41adb68f0f5cbc4aa9

COCOAPODS: 0.29.0
